{
    "_readme": [
        "This file locks the dependencies of your project to a known state",
        "Read more about it at http://getcomposer.org/doc/01-basic-usage.md#composer-lock-the-lock-file",
        "This file is @generated automatically"
    ],
    "hash": "5615d5a6ac253d92f0e02cbc38aeafe3",
    "packages": [
        {
            "name": "payneteasy/php-library-payneteasy-api",
            "version": "dev-master",
            "source": {
                "type": "git",
                "url": "https://github.com/payneteasy/php-library-payneteasy-api.git",
                "reference": "838815c6ccf19e28c9286522cfd530f35f4fa427"
            },
            "dist": {
                "type": "zip",
                "url": "https://api.github.com/repos/payneteasy/php-library-payneteasy-api/zipball/838815c6ccf19e28c9286522cfd530f35f4fa427",
                "reference": "838815c6ccf19e28c9286522cfd530f35f4fa427",
                "shasum": ""
            },
            "require": {
                "ext-curl": "*",
                "php": ">=5.3.0"
            },
            "type": "library",
            "extra": {
                "branch-alias": {
                    "dev-master": "1.0.0-dev"
                }
            },
            "autoload": {
                "psr-0": {
                    "PaynetEasy\\PaynetEasyApi\\": "source/"
                }
            },
            "notification-url": "https://packagist.org/downloads/",
            "license": [
                "MIT"
            ],
            "authors": [
                {
                    "name": "Dmitry Kashinsky",
                    "email": "ed@yoyyo.biz",
                    "role": "developer"
                },
                {
                    "name": "Artem Ponomarenko",
                    "email": "imenem@inbox.ru",
                    "role": "developer"
                }
            ],
            "description": "PHP library for PaynetEasy payment API",
            "homepage": "http://payneteasy.com/",
            "keywords": [
                "payment",
                "payneteasy"
            ],
            "time": "2014-08-12 12:30:19"
        }
    ],
    "packages-dev": [],
    "aliases": [],
    "minimum-stability": "dev",
    "stability-flags": [],
    "prefer-stable": false,
    "platform": {
        "php": ">=5.3.0"
    },
    "platform-dev": []
}
